// !$*UTF8*$!
{
	archiveVersion = 1;
	classes = {
	};
	objectVersion = 55;
	objects = {

/* Begin PBXBuildFile section */
		211A2AFF088E74DA151F196B /* Pods_Workbook100.framework in Frameworks */ = {isa = PBXBuildFile; fileRef = B4D5E1D843154FAA1E094954 /* Pods_Workbook100.framework */; };
		EA0AB06427C9CA56000D7D37 /* ProductSubFilterController.swift in Sources */ = {isa = PBXBuildFile; fileRef = EA0AB06327C9CA55000D7D37 /* ProductSubFilterController.swift */; };
		EA0AB09027CDB621000D7D37 /* Extension+UIStoryboard.swift in Sources */ = {isa = PBXBuildFile; fileRef = EA0AB08F27CDB620000D7D37 /* Extension+UIStoryboard.swift */; };
		EA0AB09227CDB64A000D7D37 /* ActivitySpinner.swift in Sources */ = {isa = PBXBuildFile; fileRef = EA0AB09127CDB64A000D7D37 /* ActivitySpinner.swift */; };
		EA22D4E027754129006C12CF /* Constants.swift in Sources */ = {isa = PBXBuildFile; fileRef = EA22D4DF27754129006C12CF /* Constants.swift */; };
		EA22D4E227759DA4006C12CF /* CollectionModel.swift in Sources */ = {isa = PBXBuildFile; fileRef = EA22D4E127759DA4006C12CF /* CollectionModel.swift */; };
		EA22D4E42776DFCE006C12CF /* GoogleService-Info.plist in Resources */ = {isa = PBXBuildFile; fileRef = EA22D4E32776DFCE006C12CF /* GoogleService-Info.plist */; };
		EA22D4E627770BE3006C12CF /* LoginController.swift in Sources */ = {isa = PBXBuildFile; fileRef = EA22D4E527770BE3006C12CF /* LoginController.swift */; };
		EA24D25227FE2ED90055B928 /* CollectionHeaderView.swift in Sources */ = {isa = PBXBuildFile; fileRef = EA24D25127FE2ED90055B928 /* CollectionHeaderView.swift */; };
		EA2E387B27E97B3B00122877 /* LineListDetailTVC2.swift in Sources */ = {isa = PBXBuildFile; fileRef = EA2E387A27E97B3B00122877 /* LineListDetailTVC2.swift */; };
		EA2E387E27E9A74900122877 /* ImageViewCollectionCell.swift in Sources */ = {isa = PBXBuildFile; fileRef = EA2E387D27E9A74900122877 /* ImageViewCollectionCell.swift */; };
		EA2E388027EA939F00122877 /* LineListImageViewController.swift in Sources */ = {isa = PBXBuildFile; fileRef = EA2E387F27EA939F00122877 /* LineListImageViewController.swift */; };
		EA2E388427EE27D000122877 /* SavedList.swift in Sources */ = {isa = PBXBuildFile; fileRef = EA2E388327EE27D000122877 /* SavedList.swift */; };
		EA2E388A27EFC41E00122877 /* LineListViewController+RightSetupMenu.swift in Sources */ = {isa = PBXBuildFile; fileRef = EA2E388927EFC41E00122877 /* LineListViewController+RightSetupMenu.swift */; };
		EA2E38AF27F2DD7100122877 /* Extension+UICollectionViewCell.swift in Sources */ = {isa = PBXBuildFile; fileRef = EA2E38AE27F2DD7100122877 /* Extension+UICollectionViewCell.swift */; };
		EA2E38B127F2DDAB00122877 /* Extension+UIFont.swift in Sources */ = {isa = PBXBuildFile; fileRef = EA2E38B027F2DDAB00122877 /* Extension+UIFont.swift */; };
		EA2E38B327F2DDDA00122877 /* Extension+UIColor.swift in Sources */ = {isa = PBXBuildFile; fileRef = EA2E38B227F2DDDA00122877 /* Extension+UIColor.swift */; };
		EA2E38B527F2DDF600122877 /* Extension+String.swift in Sources */ = {isa = PBXBuildFile; fileRef = EA2E38B427F2DDF600122877 /* Extension+String.swift */; };
		EA2E38B827F2E00200122877 /* Constants+FIR.swift in Sources */ = {isa = PBXBuildFile; fileRef = EA2E38B727F2E00200122877 /* Constants+FIR.swift */; };
		EA2E38BA27F2E34200122877 /* Constants+ProductFilter.swift in Sources */ = {isa = PBXBuildFile; fileRef = EA2E38B927F2E34200122877 /* Constants+ProductFilter.swift */; };
		EA2E38BC27F2E3C700122877 /* Constants+UICollectionCell.swift in Sources */ = {isa = PBXBuildFile; fileRef = EA2E38BB27F2E3C700122877 /* Constants+UICollectionCell.swift */; };
		EA3559D6283613CA00A7B2E6 /* CollectionCellText.swift in Sources */ = {isa = PBXBuildFile; fileRef = EA3559D5283613CA00A7B2E6 /* CollectionCellText.swift */; };
		EA3559D8283718BE00A7B2E6 /* TextEntryController.swift in Sources */ = {isa = PBXBuildFile; fileRef = EA3559D7283718BE00A7B2E6 /* TextEntryController.swift */; };
		EA38B4DF2820E7000030269A /* BackgroundSupplementaryView.swift in Sources */ = {isa = PBXBuildFile; fileRef = EA38B4DE2820E7000030269A /* BackgroundSupplementaryView.swift */; };
		EA38B4E228232E6E0030269A /* Section.swift in Sources */ = {isa = PBXBuildFile; fileRef = EA38B4E128232E6E0030269A /* Section.swift */; };
		EA38B4E428250B120030269A /* ProductListController.swift in Sources */ = {isa = PBXBuildFile; fileRef = EA38B4E328250B120030269A /* ProductListController.swift */; };
		EA38B4E628250BF60030269A /* ProductListCell.swift in Sources */ = {isa = PBXBuildFile; fileRef = EA38B4E528250BF60030269A /* ProductListCell.swift */; };
		EA38B4E9282AE31C0030269A /* CollectionCell+Stack.swift in Sources */ = {isa = PBXBuildFile; fileRef = EA38B4E8282AE31C0030269A /* CollectionCell+Stack.swift */; };
		EA38B4EB282AE3420030269A /* CollectionCell+LabelBubble.swift in Sources */ = {isa = PBXBuildFile; fileRef = EA38B4EA282AE3420030269A /* CollectionCell+LabelBubble.swift */; };
		EA38B4ED282AE3700030269A /* CollectionCell+Label.swift in Sources */ = {isa = PBXBuildFile; fileRef = EA38B4EC282AE3700030269A /* CollectionCell+Label.swift */; };
		EA38B4EF282AE3980030269A /* CollectionCell+RuleLine.swift in Sources */ = {isa = PBXBuildFile; fileRef = EA38B4EE282AE3980030269A /* CollectionCell+RuleLine.swift */; };
		EA53FF9B276D200F00D22042 /* CollectionCellOLD.swift in Sources */ = {isa = PBXBuildFile; fileRef = EA53FF9A276D200F00D22042 /* CollectionCellOLD.swift */; };
		EA53FF9D276D211000D22042 /* ImageLoader.swift in Sources */ = {isa = PBXBuildFile; fileRef = EA53FF9C276D211000D22042 /* ImageLoader.swift */; };
		EA56ED8E284007AE0029F1A3 /* CollectionCell.xib in Resources */ = {isa = PBXBuildFile; fileRef = EA56ED8D284007AE0029F1A3 /* CollectionCell.xib */; };
		EA5CE2DF27C8E1420071F015 /* ProductFilterController.swift in Sources */ = {isa = PBXBuildFile; fileRef = EA5CE2DE27C8E1420071F015 /* ProductFilterController.swift */; };
		EA8914E027DC038300C8D8D3 /* Category.swift in Sources */ = {isa = PBXBuildFile; fileRef = EA8914DF27DC038300C8D8D3 /* Category.swift */; };
		EA91E072279366DD00DE630E /* ContainerViewController.swift in Sources */ = {isa = PBXBuildFile; fileRef = EA91E071279366DC00DE630E /* ContainerViewController.swift */; };
		EAA0CF752769573F00943912 /* AppDelegate.swift in Sources */ = {isa = PBXBuildFile; fileRef = EAA0CF742769573F00943912 /* AppDelegate.swift */; };
		EAA0CF772769573F00943912 /* SceneDelegate.swift in Sources */ = {isa = PBXBuildFile; fileRef = EAA0CF762769573F00943912 /* SceneDelegate.swift */; };
		EAA0CF792769573F00943912 /* LineListViewController.swift in Sources */ = {isa = PBXBuildFile; fileRef = EAA0CF782769573F00943912 /* LineListViewController.swift */; };
		EAA0CF7C2769573F00943912 /* Main.storyboard in Resources */ = {isa = PBXBuildFile; fileRef = EAA0CF7A2769573F00943912 /* Main.storyboard */; };
		EAA0CF7E2769574100943912 /* Assets.xcassets in Resources */ = {isa = PBXBuildFile; fileRef = EAA0CF7D2769574100943912 /* Assets.xcassets */; };
		EAA0CF812769574100943912 /* LaunchScreen.storyboard in Resources */ = {isa = PBXBuildFile; fileRef = EAA0CF7F2769574100943912 /* LaunchScreen.storyboard */; };
		EAB133E027A47BFD007F6553 /* LineListViewController+DragDrop.swift in Sources */ = {isa = PBXBuildFile; fileRef = EAB133DF27A47BFD007F6553 /* LineListViewController+DragDrop.swift */; };
		EAB133E327A47CAD007F6553 /* LineListViewController+MailCompose.swift in Sources */ = {isa = PBXBuildFile; fileRef = EAB133E227A47CAD007F6553 /* LineListViewController+MailCompose.swift */; };
		EAB133E727A499DC007F6553 /* CollectionCellBlank.swift in Sources */ = {isa = PBXBuildFile; fileRef = EAB133E627A499DC007F6553 /* CollectionCellBlank.swift */; };
		EAB133ED27AE5F3A007F6553 /* GloveCell.swift in Sources */ = {isa = PBXBuildFile; fileRef = EAB133EC27AE5F3A007F6553 /* GloveCell.swift */; };
		EAB5FE182832122D000DD5C8 /* ImagePicker.swift in Sources */ = {isa = PBXBuildFile; fileRef = EAB5FE172832122D000DD5C8 /* ImagePicker.swift */; };
		EAB5FE1A283452F4000DD5C8 /* CollectionCellImage.swift in Sources */ = {isa = PBXBuildFile; fileRef = EAB5FE19283452F4000DD5C8 /* CollectionCellImage.swift */; };
		EAD957522819E1EF00D18200 /* CollectionCellPage.swift in Sources */ = {isa = PBXBuildFile; fileRef = EAD957512819E1EF00D18200 /* CollectionCellPage.swift */; };
		EAE6473128149E5500FBE6C3 /* Extension+Array.swift in Sources */ = {isa = PBXBuildFile; fileRef = EAE6473028149E5500FBE6C3 /* Extension+Array.swift */; };
		EAE64735281799DA00FBE6C3 /* WorkbookController.swift in Sources */ = {isa = PBXBuildFile; fileRef = EAE64734281799DA00FBE6C3 /* WorkbookController.swift */; };
		EAE647372817ADA500FBE6C3 /* WorkbookController+DragDrop.swift in Sources */ = {isa = PBXBuildFile; fileRef = EAE647362817ADA500FBE6C3 /* WorkbookController+DragDrop.swift */; };
		EAE988D02840C8F900C3649D /* CollectionCell.swift in Sources */ = {isa = PBXBuildFile; fileRef = EAE988CF2840C8F900C3649D /* CollectionCell.swift */; };
		EAF2BA0827A2306500CD4856 /* CSVMake.swift in Sources */ = {isa = PBXBuildFile; fileRef = EAF2BA0727A2306500CD4856 /* CSVMake.swift */; };
		EAF68F2327C0CE4800F2EDE6 /* PDFExport.swift in Sources */ = {isa = PBXBuildFile; fileRef = EAF68F2227C0CE4800F2EDE6 /* PDFExport.swift */; };
/* End PBXBuildFile section */

/* Begin PBXFileReference section */
		021FD933592CA1CD5BD6CFD3 /* Pods-Workbook100.release.xcconfig */ = {isa = PBXFileReference; includeInIndex = 1; lastKnownFileType = text.xcconfig; name = "Pods-Workbook100.release.xcconfig"; path = "Target Support Files/Pods-Workbook100/Pods-Workbook100.release.xcconfig"; sourceTree = "<group>"; };
		6183966A31B849E8598C1742 /* Pods-Workbook100.debug.xcconfig */ = {isa = PBXFileReference; includeInIndex = 1; lastKnownFileType = text.xcconfig; name = "Pods-Workbook100.debug.xcconfig"; path = "Target Support Files/Pods-Workbook100/Pods-Workbook100.debug.xcconfig"; sourceTree = "<group>"; };
		B4D5E1D843154FAA1E094954 /* Pods_Workbook100.framework */ = {isa = PBXFileReference; explicitFileType = wrapper.framework; includeInIndex = 0; path = Pods_Workbook100.framework; sourceTree = BUILT_PRODUCTS_DIR; };
		EA0AB06327C9CA55000D7D37 /* ProductSubFilterController.swift */ = {isa = PBXFileReference; lastKnownFileType = sourcecode.swift; path = ProductSubFilterController.swift; sourceTree = "<group>"; };
		EA0AB08F27CDB620000D7D37 /* Extension+UIStoryboard.swift */ = {isa = PBXFileReference; lastKnownFileType = sourcecode.swift; path = "Extension+UIStoryboard.swift"; sourceTree = "<group>"; };
		EA0AB09127CDB64A000D7D37 /* ActivitySpinner.swift */ = {isa = PBXFileReference; lastKnownFileType = sourcecode.swift; path = ActivitySpinner.swift; sourceTree = "<group>"; };
		EA22D4DF27754129006C12CF /* Constants.swift */ = {isa = PBXFileReference; lastKnownFileType = sourcecode.swift; path = Constants.swift; sourceTree = "<group>"; };
		EA22D4E127759DA4006C12CF /* CollectionModel.swift */ = {isa = PBXFileReference; lastKnownFileType = sourcecode.swift; path = CollectionModel.swift; sourceTree = "<group>"; };
		EA22D4E32776DFCE006C12CF /* GoogleService-Info.plist */ = {isa = PBXFileReference; fileEncoding = 4; lastKnownFileType = text.plist.xml; path = "GoogleService-Info.plist"; sourceTree = "<group>"; };
		EA22D4E527770BE3006C12CF /* LoginController.swift */ = {isa = PBXFileReference; fileEncoding = 4; lastKnownFileType = sourcecode.swift; path = LoginController.swift; sourceTree = "<group>"; };
		EA24D25127FE2ED90055B928 /* CollectionHeaderView.swift */ = {isa = PBXFileReference; lastKnownFileType = sourcecode.swift; path = CollectionHeaderView.swift; sourceTree = "<group>"; };
		EA2E387A27E97B3B00122877 /* LineListDetailTVC2.swift */ = {isa = PBXFileReference; lastKnownFileType = sourcecode.swift; path = LineListDetailTVC2.swift; sourceTree = "<group>"; };
		EA2E387D27E9A74900122877 /* ImageViewCollectionCell.swift */ = {isa = PBXFileReference; lastKnownFileType = sourcecode.swift; path = ImageViewCollectionCell.swift; sourceTree = "<group>"; };
		EA2E387F27EA939F00122877 /* LineListImageViewController.swift */ = {isa = PBXFileReference; lastKnownFileType = sourcecode.swift; path = LineListImageViewController.swift; sourceTree = "<group>"; };
		EA2E388327EE27D000122877 /* SavedList.swift */ = {isa = PBXFileReference; lastKnownFileType = sourcecode.swift; path = SavedList.swift; sourceTree = "<group>"; };
		EA2E388927EFC41E00122877 /* LineListViewController+RightSetupMenu.swift */ = {isa = PBXFileReference; lastKnownFileType = sourcecode.swift; path = "LineListViewController+RightSetupMenu.swift"; sourceTree = "<group>"; };
		EA2E38AE27F2DD7100122877 /* Extension+UICollectionViewCell.swift */ = {isa = PBXFileReference; lastKnownFileType = sourcecode.swift; path = "Extension+UICollectionViewCell.swift"; sourceTree = "<group>"; };
		EA2E38B027F2DDAB00122877 /* Extension+UIFont.swift */ = {isa = PBXFileReference; lastKnownFileType = sourcecode.swift; path = "Extension+UIFont.swift"; sourceTree = "<group>"; };
		EA2E38B227F2DDDA00122877 /* Extension+UIColor.swift */ = {isa = PBXFileReference; lastKnownFileType = sourcecode.swift; path = "Extension+UIColor.swift"; sourceTree = "<group>"; };
		EA2E38B427F2DDF600122877 /* Extension+String.swift */ = {isa = PBXFileReference; lastKnownFileType = sourcecode.swift; path = "Extension+String.swift"; sourceTree = "<group>"; };
		EA2E38B727F2E00200122877 /* Constants+FIR.swift */ = {isa = PBXFileReference; lastKnownFileType = sourcecode.swift; path = "Constants+FIR.swift"; sourceTree = "<group>"; };
		EA2E38B927F2E34200122877 /* Constants+ProductFilter.swift */ = {isa = PBXFileReference; lastKnownFileType = sourcecode.swift; path = "Constants+ProductFilter.swift"; sourceTree = "<group>"; };
		EA2E38BB27F2E3C700122877 /* Constants+UICollectionCell.swift */ = {isa = PBXFileReference; lastKnownFileType = sourcecode.swift; path = "Constants+UICollectionCell.swift"; sourceTree = "<group>"; };
		EA3559D5283613CA00A7B2E6 /* CollectionCellText.swift */ = {isa = PBXFileReference; lastKnownFileType = sourcecode.swift; path = CollectionCellText.swift; sourceTree = "<group>"; };
		EA3559D7283718BE00A7B2E6 /* TextEntryController.swift */ = {isa = PBXFileReference; lastKnownFileType = sourcecode.swift; path = TextEntryController.swift; sourceTree = "<group>"; };
		EA38B4DE2820E7000030269A /* BackgroundSupplementaryView.swift */ = {isa = PBXFileReference; lastKnownFileType = sourcecode.swift; path = BackgroundSupplementaryView.swift; sourceTree = "<group>"; };
		EA38B4E128232E6E0030269A /* Section.swift */ = {isa = PBXFileReference; lastKnownFileType = sourcecode.swift; path = Section.swift; sourceTree = "<group>"; };
		EA38B4E328250B120030269A /* ProductListController.swift */ = {isa = PBXFileReference; lastKnownFileType = sourcecode.swift; path = ProductListController.swift; sourceTree = "<group>"; };
		EA38B4E528250BF60030269A /* ProductListCell.swift */ = {isa = PBXFileReference; lastKnownFileType = sourcecode.swift; path = ProductListCell.swift; sourceTree = "<group>"; };
		EA38B4E8282AE31C0030269A /* CollectionCell+Stack.swift */ = {isa = PBXFileReference; lastKnownFileType = sourcecode.swift; path = "CollectionCell+Stack.swift"; sourceTree = "<group>"; };
		EA38B4EA282AE3420030269A /* CollectionCell+LabelBubble.swift */ = {isa = PBXFileReference; lastKnownFileType = sourcecode.swift; path = "CollectionCell+LabelBubble.swift"; sourceTree = "<group>"; };
		EA38B4EC282AE3700030269A /* CollectionCell+Label.swift */ = {isa = PBXFileReference; lastKnownFileType = sourcecode.swift; path = "CollectionCell+Label.swift"; sourceTree = "<group>"; };
		EA38B4EE282AE3980030269A /* CollectionCell+RuleLine.swift */ = {isa = PBXFileReference; lastKnownFileType = sourcecode.swift; path = "CollectionCell+RuleLine.swift"; sourceTree = "<group>"; };
		EA53FF9A276D200F00D22042 /* CollectionCellOLD.swift */ = {isa = PBXFileReference; lastKnownFileType = sourcecode.swift; path = CollectionCellOLD.swift; sourceTree = "<group>"; };
		EA53FF9C276D211000D22042 /* ImageLoader.swift */ = {isa = PBXFileReference; fileEncoding = 4; lastKnownFileType = sourcecode.swift; path = ImageLoader.swift; sourceTree = "<group>"; };
		EA56ED8D284007AE0029F1A3 /* CollectionCell.xib */ = {isa = PBXFileReference; lastKnownFileType = file.xib; path = CollectionCell.xib; sourceTree = "<group>"; };
		EA5CE2DE27C8E1420071F015 /* ProductFilterController.swift */ = {isa = PBXFileReference; lastKnownFileType = sourcecode.swift; path = ProductFilterController.swift; sourceTree = "<group>"; };
		EA8914DF27DC038300C8D8D3 /* Category.swift */ = {isa = PBXFileReference; lastKnownFileType = sourcecode.swift; path = Category.swift; sourceTree = "<group>"; };
		EA91E071279366DC00DE630E /* ContainerViewController.swift */ = {isa = PBXFileReference; lastKnownFileType = sourcecode.swift; path = ContainerViewController.swift; sourceTree = "<group>"; };
		EAA0CF712769573F00943912 /* Workbook100.app */ = {isa = PBXFileReference; explicitFileType = wrapper.application; includeInIndex = 0; path = Workbook100.app; sourceTree = BUILT_PRODUCTS_DIR; };
		EAA0CF742769573F00943912 /* AppDelegate.swift */ = {isa = PBXFileReference; lastKnownFileType = sourcecode.swift; path = AppDelegate.swift; sourceTree = "<group>"; };
		EAA0CF762769573F00943912 /* SceneDelegate.swift */ = {isa = PBXFileReference; lastKnownFileType = sourcecode.swift; path = SceneDelegate.swift; sourceTree = "<group>"; };
		EAA0CF782769573F00943912 /* LineListViewController.swift */ = {isa = PBXFileReference; lastKnownFileType = sourcecode.swift; path = LineListViewController.swift; sourceTree = "<group>"; };
		EAA0CF7B2769573F00943912 /* Base */ = {isa = PBXFileReference; lastKnownFileType = file.storyboard; name = Base; path = Base.lproj/Main.storyboard; sourceTree = "<group>"; };
		EAA0CF7D2769574100943912 /* Assets.xcassets */ = {isa = PBXFileReference; lastKnownFileType = folder.assetcatalog; path = Assets.xcassets; sourceTree = "<group>"; };
		EAA0CF802769574100943912 /* Base */ = {isa = PBXFileReference; lastKnownFileType = file.storyboard; name = Base; path = Base.lproj/LaunchScreen.storyboard; sourceTree = "<group>"; };
		EAA0CF822769574100943912 /* Info.plist */ = {isa = PBXFileReference; lastKnownFileType = text.plist.xml; path = Info.plist; sourceTree = "<group>"; };
		EAB133DF27A47BFD007F6553 /* LineListViewController+DragDrop.swift */ = {isa = PBXFileReference; lastKnownFileType = sourcecode.swift; path = "LineListViewController+DragDrop.swift"; sourceTree = "<group>"; };
		EAB133E227A47CAD007F6553 /* LineListViewController+MailCompose.swift */ = {isa = PBXFileReference; lastKnownFileType = sourcecode.swift; path = "LineListViewController+MailCompose.swift"; sourceTree = "<group>"; };
		EAB133E627A499DC007F6553 /* CollectionCellBlank.swift */ = {isa = PBXFileReference; lastKnownFileType = sourcecode.swift; path = CollectionCellBlank.swift; sourceTree = "<group>"; };
		EAB133EC27AE5F3A007F6553 /* GloveCell.swift */ = {isa = PBXFileReference; lastKnownFileType = sourcecode.swift; path = GloveCell.swift; sourceTree = "<group>"; };
		EAB5FE172832122D000DD5C8 /* ImagePicker.swift */ = {isa = PBXFileReference; lastKnownFileType = sourcecode.swift; path = ImagePicker.swift; sourceTree = "<group>"; };
		EAB5FE19283452F4000DD5C8 /* CollectionCellImage.swift */ = {isa = PBXFileReference; lastKnownFileType = sourcecode.swift; path = CollectionCellImage.swift; sourceTree = "<group>"; };
		EAD957512819E1EF00D18200 /* CollectionCellPage.swift */ = {isa = PBXFileReference; lastKnownFileType = sourcecode.swift; path = CollectionCellPage.swift; sourceTree = "<group>"; };
		EAE6473028149E5500FBE6C3 /* Extension+Array.swift */ = {isa = PBXFileReference; lastKnownFileType = sourcecode.swift; path = "Extension+Array.swift"; sourceTree = "<group>"; };
		EAE64734281799DA00FBE6C3 /* WorkbookController.swift */ = {isa = PBXFileReference; lastKnownFileType = sourcecode.swift; path = WorkbookController.swift; sourceTree = "<group>"; };
		EAE647362817ADA500FBE6C3 /* WorkbookController+DragDrop.swift */ = {isa = PBXFileReference; lastKnownFileType = sourcecode.swift; path = "WorkbookController+DragDrop.swift"; sourceTree = "<group>"; };
		EAE988CF2840C8F900C3649D /* CollectionCell.swift */ = {isa = PBXFileReference; lastKnownFileType = sourcecode.swift; path = CollectionCell.swift; sourceTree = "<group>"; };
		EAEC851E27B35FE900684ECF /* Workbook100.entitlements */ = {isa = PBXFileReference; lastKnownFileType = text.plist.entitlements; path = Workbook100.entitlements; sourceTree = "<group>"; };
		EAF2BA0727A2306500CD4856 /* CSVMake.swift */ = {isa = PBXFileReference; lastKnownFileType = sourcecode.swift; path = CSVMake.swift; sourceTree = "<group>"; };
		EAF68F2227C0CE4800F2EDE6 /* PDFExport.swift */ = {isa = PBXFileReference; lastKnownFileType = sourcecode.swift; path = PDFExport.swift; sourceTree = "<group>"; };
/* End PBXFileReference section */

/* Begin PBXFrameworksBuildPhase section */
		EAA0CF6E2769573F00943912 /* Frameworks */ = {
			isa = PBXFrameworksBuildPhase;
			buildActionMask = 2147483647;
			files = (
				211A2AFF088E74DA151F196B /* Pods_Workbook100.framework in Frameworks */,
			);
			runOnlyForDeploymentPostprocessing = 0;
		};
/* End PBXFrameworksBuildPhase section */

/* Begin PBXGroup section */
		12ECE0B3AF1D1E97E916B4F8 /* Pods */ = {
			isa = PBXGroup;
			children = (
				6183966A31B849E8598C1742 /* Pods-Workbook100.debug.xcconfig */,
				021FD933592CA1CD5BD6CFD3 /* Pods-Workbook100.release.xcconfig */,
			);
			path = Pods;
			sourceTree = "<group>";
		};
		B00D5F23CD2F431E439806B9 /* Frameworks */ = {
			isa = PBXGroup;
			children = (
				B4D5E1D843154FAA1E094954 /* Pods_Workbook100.framework */,
			);
			name = Frameworks;
			sourceTree = "<group>";
		};
		EA2E387C27E982E600122877 /* LineListDetailController */ = {
			isa = PBXGroup;
			children = (
				EA2E387A27E97B3B00122877 /* LineListDetailTVC2.swift */,
				EA2E387F27EA939F00122877 /* LineListImageViewController.swift */,
			);
			path = LineListDetailController;
			sourceTree = "<group>";
		};
		EA2E38AD27F2DD1F00122877 /* Utilities */ = {
			isa = PBXGroup;
			children = (
				EA2E38B627F2DE8900122877 /* Extensions */,
				EA0AB09127CDB64A000D7D37 /* ActivitySpinner.swift */,
				EAF2BA0727A2306500CD4856 /* CSVMake.swift */,
				EA53FF9C276D211000D22042 /* ImageLoader.swift */,
				EAB5FE172832122D000DD5C8 /* ImagePicker.swift */,
				EAF68F2227C0CE4800F2EDE6 /* PDFExport.swift */,
			);
			path = Utilities;
			sourceTree = "<group>";
		};
		EA2E38B627F2DE8900122877 /* Extensions */ = {
			isa = PBXGroup;
			children = (
				EAE6473028149E5500FBE6C3 /* Extension+Array.swift */,
				EA2E38B427F2DDF600122877 /* Extension+String.swift */,
				EA2E38AE27F2DD7100122877 /* Extension+UICollectionViewCell.swift */,
				EA2E38B227F2DDDA00122877 /* Extension+UIColor.swift */,
				EA2E38B027F2DDAB00122877 /* Extension+UIFont.swift */,
				EA0AB08F27CDB620000D7D37 /* Extension+UIStoryboard.swift */,
			);
			path = Extensions;
			sourceTree = "<group>";
		};
		EA2E38BD27F2E3F500122877 /* Constants */ = {
			isa = PBXGroup;
			children = (
				EA22D4DF27754129006C12CF /* Constants.swift */,
				EA2E38B727F2E00200122877 /* Constants+FIR.swift */,
				EA2E38B927F2E34200122877 /* Constants+ProductFilter.swift */,
				EA2E38BB27F2E3C700122877 /* Constants+UICollectionCell.swift */,
			);
			path = Constants;
			sourceTree = "<group>";
		};
		EA38B4E028232E480030269A /* Workbook */ = {
			isa = PBXGroup;
			children = (
				EA38B4E128232E6E0030269A /* Section.swift */,
			);
			path = Workbook;
			sourceTree = "<group>";
		};
		EA38B4E7282AE3040030269A /* CollectionCell+Views */ = {
			isa = PBXGroup;
			children = (
				EA38B4EC282AE3700030269A /* CollectionCell+Label.swift */,
				EA38B4EA282AE3420030269A /* CollectionCell+LabelBubble.swift */,
				EA38B4EE282AE3980030269A /* CollectionCell+RuleLine.swift */,
				EA38B4E8282AE31C0030269A /* CollectionCell+Stack.swift */,
			);
			path = "CollectionCell+Views";
			sourceTree = "<group>";
		};
		EA53FF98276D137900D22042 /* Controllers */ = {
			isa = PBXGroup;
			children = (
				EAE647322817999600FBE6C3 /* LineList */,
				EAE64733281799A700FBE6C3 /* Workbook */,
				EA22D4E527770BE3006C12CF /* LoginController.swift */,
				EA91E071279366DC00DE630E /* ContainerViewController.swift */,
				EA5CE2DE27C8E1420071F015 /* ProductFilterController.swift */,
				EA0AB06327C9CA55000D7D37 /* ProductSubFilterController.swift */,
			);
			path = Controllers;
			sourceTree = "<group>";
		};
		EA53FF99276D138D00D22042 /* Views */ = {
			isa = PBXGroup;
			children = (
				EA5CE2DD27C749D40071F015 /* CollectionCell */,
				EAB133EB27AE5EF9007F6553 /* ProductCategories */,
				EA24D25127FE2ED90055B928 /* CollectionHeaderView.swift */,
				EAA0CF7A2769573F00943912 /* Main.storyboard */,
			);
			path = Views;
			sourceTree = "<group>";
		};
		EA5CE2DD27C749D40071F015 /* CollectionCell */ = {
			isa = PBXGroup;
			children = (
				EA38B4E7282AE3040030269A /* CollectionCell+Views */,
				EA53FF9A276D200F00D22042 /* CollectionCellOLD.swift */,
				EA56ED8D284007AE0029F1A3 /* CollectionCell.xib */,
				EAE988CF2840C8F900C3649D /* CollectionCell.swift */,
				EAB133E627A499DC007F6553 /* CollectionCellBlank.swift */,
				EAB5FE19283452F4000DD5C8 /* CollectionCellImage.swift */,
				EAD957512819E1EF00D18200 /* CollectionCellPage.swift */,
				EA3559D5283613CA00A7B2E6 /* CollectionCellText.swift */,
				EA2E387D27E9A74900122877 /* ImageViewCollectionCell.swift */,
			);
			path = CollectionCell;
			sourceTree = "<group>";
		};
		EAA0CF682769573F00943912 = {
			isa = PBXGroup;
			children = (
				EAA0CF732769573F00943912 /* Workbook100 */,
				EAA0CF722769573F00943912 /* Products */,
				12ECE0B3AF1D1E97E916B4F8 /* Pods */,
				B00D5F23CD2F431E439806B9 /* Frameworks */,
			);
			sourceTree = "<group>";
		};
		EAA0CF722769573F00943912 /* Products */ = {
			isa = PBXGroup;
			children = (
				EAA0CF712769573F00943912 /* Workbook100.app */,
			);
			name = Products;
			sourceTree = "<group>";
		};
		EAA0CF732769573F00943912 /* Workbook100 */ = {
			isa = PBXGroup;
			children = (
				EAA0CF742769573F00943912 /* AppDelegate.swift */,
				EAA0CF762769573F00943912 /* SceneDelegate.swift */,
				EAEC851E27B35FE900684ECF /* Workbook100.entitlements */,
				EA2E38AD27F2DD1F00122877 /* Utilities */,
				EAA0CF882769576900943912 /* Models */,
				EA53FF99276D138D00D22042 /* Views */,
				EA53FF98276D137900D22042 /* Controllers */,
				EAA0CF7D2769574100943912 /* Assets.xcassets */,
				EAA0CF7F2769574100943912 /* LaunchScreen.storyboard */,
				EAA0CF822769574100943912 /* Info.plist */,
				EA22D4E32776DFCE006C12CF /* GoogleService-Info.plist */,
			);
			path = Workbook100;
			sourceTree = "<group>";
		};
		EAA0CF882769576900943912 /* Models */ = {
			isa = PBXGroup;
			children = (
				EA38B4E028232E480030269A /* Workbook */,
				EA2E38BD27F2E3F500122877 /* Constants */,
				EA8914DF27DC038300C8D8D3 /* Category.swift */,
				EA22D4E127759DA4006C12CF /* CollectionModel.swift */,
				EA2E388327EE27D000122877 /* SavedList.swift */,
			);
			path = Models;
			sourceTree = "<group>";
		};
		EAB133E127A47C93007F6553 /* LineListViewController */ = {
			isa = PBXGroup;
			children = (
				EAA0CF782769573F00943912 /* LineListViewController.swift */,
				EAB133DF27A47BFD007F6553 /* LineListViewController+DragDrop.swift */,
				EAB133E227A47CAD007F6553 /* LineListViewController+MailCompose.swift */,
				EA2E388927EFC41E00122877 /* LineListViewController+RightSetupMenu.swift */,
			);
			path = LineListViewController;
			sourceTree = "<group>";
		};
		EAB133EB27AE5EF9007F6553 /* ProductCategories */ = {
			isa = PBXGroup;
			children = (
				EA38B4DE2820E7000030269A /* BackgroundSupplementaryView.swift */,
				EAB133EC27AE5F3A007F6553 /* GloveCell.swift */,
			);
			path = ProductCategories;
			sourceTree = "<group>";
		};
		EAE647322817999600FBE6C3 /* LineList */ = {
			isa = PBXGroup;
			children = (
				EAB133E127A47C93007F6553 /* LineListViewController */,
				EA2E387C27E982E600122877 /* LineListDetailController */,
			);
			path = LineList;
			sourceTree = "<group>";
		};
		EAE64733281799A700FBE6C3 /* Workbook */ = {
			isa = PBXGroup;
			children = (
				EAE64734281799DA00FBE6C3 /* WorkbookController.swift */,
				EAE647362817ADA500FBE6C3 /* WorkbookController+DragDrop.swift */,
				EA38B4E328250B120030269A /* ProductListController.swift */,
				EA38B4E528250BF60030269A /* ProductListCell.swift */,
				EA3559D7283718BE00A7B2E6 /* TextEntryController.swift */,
			);
			path = Workbook;
			sourceTree = "<group>";
		};
/* End PBXGroup section */

/* Begin PBXNativeTarget section */
		EAA0CF702769573F00943912 /* Workbook100 */ = {
			isa = PBXNativeTarget;
			buildConfigurationList = EAA0CF852769574100943912 /* Build configuration list for PBXNativeTarget "Workbook100" */;
			buildPhases = (
				F02A626C2F249B23B57FF272 /* [CP] Check Pods Manifest.lock */,
				EAA0CF6D2769573F00943912 /* Sources */,
				EAA0CF6E2769573F00943912 /* Frameworks */,
				EAA0CF6F2769573F00943912 /* Resources */,
				C74D218353C5739A364850A7 /* [CP] Embed Pods Frameworks */,
			);
			buildRules = (
			);
			dependencies = (
			);
			name = Workbook100;
			productName = Workbook100;
			productReference = EAA0CF712769573F00943912 /* Workbook100.app */;
			productType = "com.apple.product-type.application";
		};
/* End PBXNativeTarget section */

/* Begin PBXProject section */
		EAA0CF692769573F00943912 /* Project object */ = {
			isa = PBXProject;
			attributes = {
				BuildIndependentTargetsInParallel = 1;
				LastSwiftUpdateCheck = 1310;
				LastUpgradeCheck = 1310;
				TargetAttributes = {
					EAA0CF702769573F00943912 = {
						CreatedOnToolsVersion = 13.1;
					};
				};
			};
			buildConfigurationList = EAA0CF6C2769573F00943912 /* Build configuration list for PBXProject "Workbook100" */;
			compatibilityVersion = "Xcode 13.0";
			developmentRegion = en;
			hasScannedForEncodings = 0;
			knownRegions = (
				en,
				Base,
			);
			mainGroup = EAA0CF682769573F00943912;
			productRefGroup = EAA0CF722769573F00943912 /* Products */;
			projectDirPath = "";
			projectRoot = "";
			targets = (
				EAA0CF702769573F00943912 /* Workbook100 */,
			);
		};
/* End PBXProject section */

/* Begin PBXResourcesBuildPhase section */
		EAA0CF6F2769573F00943912 /* Resources */ = {
			isa = PBXResourcesBuildPhase;
			buildActionMask = 2147483647;
			files = (
				EAA0CF812769574100943912 /* LaunchScreen.storyboard in Resources */,
				EA56ED8E284007AE0029F1A3 /* CollectionCell.xib in Resources */,
				EA22D4E42776DFCE006C12CF /* GoogleService-Info.plist in Resources */,
				EAA0CF7E2769574100943912 /* Assets.xcassets in Resources */,
				EAA0CF7C2769573F00943912 /* Main.storyboard in Resources */,
			);
			runOnlyForDeploymentPostprocessing = 0;
		};
/* End PBXResourcesBuildPhase section */

/* Begin PBXShellScriptBuildPhase section */
		C74D218353C5739A364850A7 /* [CP] Embed Pods Frameworks */ = {
			isa = PBXShellScriptBuildPhase;
			buildActionMask = 2147483647;
			files = (
			);
			inputFileListPaths = (
				"${PODS_ROOT}/Target Support Files/Pods-Workbook100/Pods-Workbook100-frameworks-${CONFIGURATION}-input-files.xcfilelist",
			);
			name = "[CP] Embed Pods Frameworks";
			outputFileListPaths = (
				"${PODS_ROOT}/Target Support Files/Pods-Workbook100/Pods-Workbook100-frameworks-${CONFIGURATION}-output-files.xcfilelist",
			);
			runOnlyForDeploymentPostprocessing = 0;
			shellPath = /bin/sh;
			shellScript = "\"${PODS_ROOT}/Target Support Files/Pods-Workbook100/Pods-Workbook100-frameworks.sh\"\n";
			showEnvVarsInLog = 0;
		};
		F02A626C2F249B23B57FF272 /* [CP] Check Pods Manifest.lock */ = {
			isa = PBXShellScriptBuildPhase;
			buildActionMask = 2147483647;
			files = (
			);
			inputFileListPaths = (
			);
			inputPaths = (
				"${PODS_PODFILE_DIR_PATH}/Podfile.lock",
				"${PODS_ROOT}/Manifest.lock",
			);
			name = "[CP] Check Pods Manifest.lock";
			outputFileListPaths = (
			);
			outputPaths = (
				"$(DERIVED_FILE_DIR)/Pods-Workbook100-checkManifestLockResult.txt",
			);
			runOnlyForDeploymentPostprocessing = 0;
			shellPath = /bin/sh;
			shellScript = "diff \"${PODS_PODFILE_DIR_PATH}/Podfile.lock\" \"${PODS_ROOT}/Manifest.lock\" > /dev/null\nif [ $? != 0 ] ; then\n    # print error to STDERR\n    echo \"error: The sandbox is not in sync with the Podfile.lock. Run 'pod install' or update your CocoaPods installation.\" >&2\n    exit 1\nfi\n# This output is used by Xcode 'outputs' to avoid re-running this script phase.\necho \"SUCCESS\" > \"${SCRIPT_OUTPUT_FILE_0}\"\n";
			showEnvVarsInLog = 0;
		};
/* End PBXShellScriptBuildPhase section */

/* Begin PBXSourcesBuildPhase section */
		EAA0CF6D2769573F00943912 /* Sources */ = {
			isa = PBXSourcesBuildPhase;
			buildActionMask = 2147483647;
			files = (
				EA38B4EB282AE3420030269A /* CollectionCell+LabelBubble.swift in Sources */,
				EA2E38B327F2DDDA00122877 /* Extension+UIColor.swift in Sources */,
				EAB133ED27AE5F3A007F6553 /* GloveCell.swift in Sources */,
				EAB133E327A47CAD007F6553 /* LineListViewController+MailCompose.swift in Sources */,
				EAF68F2327C0CE4800F2EDE6 /* PDFExport.swift in Sources */,
				EA2E38B827F2E00200122877 /* Constants+FIR.swift in Sources */,
				EA38B4E228232E6E0030269A /* Section.swift in Sources */,
				EA38B4ED282AE3700030269A /* CollectionCell+Label.swift in Sources */,
				EA5CE2DF27C8E1420071F015 /* ProductFilterController.swift in Sources */,
				EA38B4EF282AE3980030269A /* CollectionCell+RuleLine.swift in Sources */,
				EA2E388427EE27D000122877 /* SavedList.swift in Sources */,
				EA0AB06427C9CA56000D7D37 /* ProductSubFilterController.swift in Sources */,
				EAA0CF792769573F00943912 /* LineListViewController.swift in Sources */,
				EAB5FE182832122D000DD5C8 /* ImagePicker.swift in Sources */,
				EA38B4E9282AE31C0030269A /* CollectionCell+Stack.swift in Sources */,
				EAB5FE1A283452F4000DD5C8 /* CollectionCellImage.swift in Sources */,
				EAE64735281799DA00FBE6C3 /* WorkbookController.swift in Sources */,
				EA3559D8283718BE00A7B2E6 /* TextEntryController.swift in Sources */,
				EAA0CF752769573F00943912 /* AppDelegate.swift in Sources */,
				EAE647372817ADA500FBE6C3 /* WorkbookController+DragDrop.swift in Sources */,
				EAB133E727A499DC007F6553 /* CollectionCellBlank.swift in Sources */,
				EA2E38B127F2DDAB00122877 /* Extension+UIFont.swift in Sources */,
				EA2E387B27E97B3B00122877 /* LineListDetailTVC2.swift in Sources */,
				EA38B4DF2820E7000030269A /* BackgroundSupplementaryView.swift in Sources */,
				EAE988D02840C8F900C3649D /* CollectionCell.swift in Sources */,
				EA2E38BC27F2E3C700122877 /* Constants+UICollectionCell.swift in Sources */,
				EAF2BA0827A2306500CD4856 /* CSVMake.swift in Sources */,
				EA2E388A27EFC41E00122877 /* LineListViewController+RightSetupMenu.swift in Sources */,
				EA2E38AF27F2DD7100122877 /* Extension+UICollectionViewCell.swift in Sources */,
				EA2E38B527F2DDF600122877 /* Extension+String.swift in Sources */,
				EA91E072279366DD00DE630E /* ContainerViewController.swift in Sources */,
				EA38B4E628250BF60030269A /* ProductListCell.swift in Sources */,
				EA0AB09227CDB64A000D7D37 /* ActivitySpinner.swift in Sources */,
				EAD957522819E1EF00D18200 /* CollectionCellPage.swift in Sources */,
				EA2E387E27E9A74900122877 /* ImageViewCollectionCell.swift in Sources */,
				EA53FF9D276D211000D22042 /* ImageLoader.swift in Sources */,
				EA22D4E227759DA4006C12CF /* CollectionModel.swift in Sources */,
				EAA0CF772769573F00943912 /* SceneDelegate.swift in Sources */,
				EA3559D6283613CA00A7B2E6 /* CollectionCellText.swift in Sources */,
				EA22D4E627770BE3006C12CF /* LoginController.swift in Sources */,
				EA24D25227FE2ED90055B928 /* CollectionHeaderView.swift in Sources */,
				EAB133E027A47BFD007F6553 /* LineListViewController+DragDrop.swift in Sources */,
				EA0AB09027CDB621000D7D37 /* Extension+UIStoryboard.swift in Sources */,
				EA2E38BA27F2E34200122877 /* Constants+ProductFilter.swift in Sources */,
				EA53FF9B276D200F00D22042 /* CollectionCellOLD.swift in Sources */,
				EA2E388027EA939F00122877 /* LineListImageViewController.swift in Sources */,
				EA8914E027DC038300C8D8D3 /* Category.swift in Sources */,
				EA22D4E027754129006C12CF /* Constants.swift in Sources */,
				EAE6473128149E5500FBE6C3 /* Extension+Array.swift in Sources */,
				EA38B4E428250B120030269A /* ProductListController.swift in Sources */,
			);
			runOnlyForDeploymentPostprocessing = 0;
		};
/* End PBXSourcesBuildPhase section */

/* Begin PBXVariantGroup section */
		EAA0CF7A2769573F00943912 /* Main.storyboard */ = {
			isa = PBXVariantGroup;
			children = (
				EAA0CF7B2769573F00943912 /* Base */,
			);
			name = Main.storyboard;
			sourceTree = "<group>";
		};
		EAA0CF7F2769574100943912 /* LaunchScreen.storyboard */ = {
			isa = PBXVariantGroup;
			children = (
				EAA0CF802769574100943912 /* Base */,
			);
			name = LaunchScreen.storyboard;
			sourceTree = "<group>";
		};
/* End PBXVariantGroup section */

/* Begin XCBuildConfiguration section */
		EAA0CF832769574100943912 /* Debug */ = {
			isa = XCBuildConfiguration;
			buildSettings = {
				ALWAYS_SEARCH_USER_PATHS = NO;
				CLANG_ANALYZER_NONNULL = YES;
				CLANG_ANALYZER_NUMBER_OBJECT_CONVERSION = YES_AGGRESSIVE;
				CLANG_CXX_LANGUAGE_STANDARD = "gnu++17";
				CLANG_CXX_LIBRARY = "libc++";
				CLANG_ENABLE_MODULES = YES;
				CLANG_ENABLE_OBJC_ARC = YES;
				CLANG_ENABLE_OBJC_WEAK = YES;
				CLANG_WARN_BLOCK_CAPTURE_AUTORELEASING = YES;
				CLANG_WARN_BOOL_CONVERSION = YES;
				CLANG_WARN_COMMA = YES;
				CLANG_WARN_CONSTANT_CONVERSION = YES;
				CLANG_WARN_DEPRECATED_OBJC_IMPLEMENTATIONS = YES;
				CLANG_WARN_DIRECT_OBJC_ISA_USAGE = YES_ERROR;
				CLANG_WARN_DOCUMENTATION_COMMENTS = YES;
				CLANG_WARN_EMPTY_BODY = YES;
				CLANG_WARN_ENUM_CONVERSION = YES;
				CLANG_WARN_INFINITE_RECURSION = YES;
				CLANG_WARN_INT_CONVERSION = YES;
				CLANG_WARN_NON_LITERAL_NULL_CONVERSION = YES;
				CLANG_WARN_OBJC_IMPLICIT_RETAIN_SELF = YES;
				CLANG_WARN_OBJC_LITERAL_CONVERSION = YES;
				CLANG_WARN_OBJC_ROOT_CLASS = YES_ERROR;
				CLANG_WARN_QUOTED_INCLUDE_IN_FRAMEWORK_HEADER = YES;
				CLANG_WARN_RANGE_LOOP_ANALYSIS = YES;
				CLANG_WARN_STRICT_PROTOTYPES = YES;
				CLANG_WARN_SUSPICIOUS_MOVE = YES;
				CLANG_WARN_UNGUARDED_AVAILABILITY = YES_AGGRESSIVE;
				CLANG_WARN_UNREACHABLE_CODE = YES;
				CLANG_WARN__DUPLICATE_METHOD_MATCH = YES;
				COPY_PHASE_STRIP = NO;
				DEBUG_INFORMATION_FORMAT = dwarf;
				ENABLE_STRICT_OBJC_MSGSEND = YES;
				ENABLE_TESTABILITY = YES;
				EXCLUDED_ARCHS = "";
				GCC_C_LANGUAGE_STANDARD = gnu11;
				GCC_DYNAMIC_NO_PIC = NO;
				GCC_NO_COMMON_BLOCKS = YES;
				GCC_OPTIMIZATION_LEVEL = 0;
				GCC_PREPROCESSOR_DEFINITIONS = (
					"DEBUG=1",
					"$(inherited)",
				);
				GCC_WARN_64_TO_32_BIT_CONVERSION = YES;
				GCC_WARN_ABOUT_RETURN_TYPE = YES_ERROR;
				GCC_WARN_UNDECLARED_SELECTOR = YES;
				GCC_WARN_UNINITIALIZED_AUTOS = YES_AGGRESSIVE;
				GCC_WARN_UNUSED_FUNCTION = YES;
				GCC_WARN_UNUSED_VARIABLE = YES;
				IPHONEOS_DEPLOYMENT_TARGET = 14.0;
				MTL_ENABLE_DEBUG_INFO = INCLUDE_SOURCE;
				MTL_FAST_MATH = YES;
				ONLY_ACTIVE_ARCH = YES;
				SDKROOT = iphoneos;
				SWIFT_ACTIVE_COMPILATION_CONDITIONS = DEBUG;
				SWIFT_OPTIMIZATION_LEVEL = "-Onone";
			};
			name = Debug;
		};
		EAA0CF842769574100943912 /* Release */ = {
			isa = XCBuildConfiguration;
			buildSettings = {
				ALWAYS_SEARCH_USER_PATHS = NO;
				CLANG_ANALYZER_NONNULL = YES;
				CLANG_ANALYZER_NUMBER_OBJECT_CONVERSION = YES_AGGRESSIVE;
				CLANG_CXX_LANGUAGE_STANDARD = "gnu++17";
				CLANG_CXX_LIBRARY = "libc++";
				CLANG_ENABLE_MODULES = YES;
				CLANG_ENABLE_OBJC_ARC = YES;
				CLANG_ENABLE_OBJC_WEAK = YES;
				CLANG_WARN_BLOCK_CAPTURE_AUTORELEASING = YES;
				CLANG_WARN_BOOL_CONVERSION = YES;
				CLANG_WARN_COMMA = YES;
				CLANG_WARN_CONSTANT_CONVERSION = YES;
				CLANG_WARN_DEPRECATED_OBJC_IMPLEMENTATIONS = YES;
				CLANG_WARN_DIRECT_OBJC_ISA_USAGE = YES_ERROR;
				CLANG_WARN_DOCUMENTATION_COMMENTS = YES;
				CLANG_WARN_EMPTY_BODY = YES;
				CLANG_WARN_ENUM_CONVERSION = YES;
				CLANG_WARN_INFINITE_RECURSION = YES;
				CLANG_WARN_INT_CONVERSION = YES;
				CLANG_WARN_NON_LITERAL_NULL_CONVERSION = YES;
				CLANG_WARN_OBJC_IMPLICIT_RETAIN_SELF = YES;
				CLANG_WARN_OBJC_LITERAL_CONVERSION = YES;
				CLANG_WARN_OBJC_ROOT_CLASS = YES_ERROR;
				CLANG_WARN_QUOTED_INCLUDE_IN_FRAMEWORK_HEADER = YES;
				CLANG_WARN_RANGE_LOOP_ANALYSIS = YES;
				CLANG_WARN_STRICT_PROTOTYPES = YES;
				CLANG_WARN_SUSPICIOUS_MOVE = YES;
				CLANG_WARN_UNGUARDED_AVAILABILITY = YES_AGGRESSIVE;
				CLANG_WARN_UNREACHABLE_CODE = YES;
				CLANG_WARN__DUPLICATE_METHOD_MATCH = YES;
				COPY_PHASE_STRIP = NO;
				DEBUG_INFORMATION_FORMAT = "dwarf-with-dsym";
				ENABLE_NS_ASSERTIONS = NO;
				ENABLE_STRICT_OBJC_MSGSEND = YES;
				EXCLUDED_ARCHS = "";
				GCC_C_LANGUAGE_STANDARD = gnu11;
				GCC_NO_COMMON_BLOCKS = YES;
				GCC_WARN_64_TO_32_BIT_CONVERSION = YES;
				GCC_WARN_ABOUT_RETURN_TYPE = YES_ERROR;
				GCC_WARN_UNDECLARED_SELECTOR = YES;
				GCC_WARN_UNINITIALIZED_AUTOS = YES_AGGRESSIVE;
				GCC_WARN_UNUSED_FUNCTION = YES;
				GCC_WARN_UNUSED_VARIABLE = YES;
				IPHONEOS_DEPLOYMENT_TARGET = 14.0;
				MTL_ENABLE_DEBUG_INFO = NO;
				MTL_FAST_MATH = YES;
				SDKROOT = iphoneos;
				SWIFT_COMPILATION_MODE = wholemodule;
				SWIFT_OPTIMIZATION_LEVEL = "-O";
				VALIDATE_PRODUCT = YES;
			};
			name = Release;
		};
		EAA0CF862769574100943912 /* Debug */ = {
			isa = XCBuildConfiguration;
			baseConfigurationReference = 6183966A31B849E8598C1742 /* Pods-Workbook100.debug.xcconfig */;
			buildSettings = {
				ASSETCATALOG_COMPILER_APPICON_NAME = AppIcon;
				ASSETCATALOG_COMPILER_GLOBAL_ACCENT_COLOR_NAME = AccentColor;
				ASSETCATALOG_COMPILER_INCLUDE_ALL_APPICON_ASSETS = NO;
				CODE_SIGN_ENTITLEMENTS = Workbook100/Workbook100.entitlements;
				CODE_SIGN_STYLE = Automatic;
				CURRENT_PROJECT_VERSION = 13;
				DEVELOPMENT_TEAM = LZ8V996BTJ;
				"ENABLE_HARDENED_RUNTIME[sdk=macosx*]" = YES;
				EXCLUDED_ARCHS = "";
				GENERATE_INFOPLIST_FILE = YES;
				INFOPLIST_FILE = Workbook100/Info.plist;
				INFOPLIST_KEY_UIApplicationSupportsIndirectInputEvents = YES;
				INFOPLIST_KEY_UILaunchStoryboardName = LaunchScreen;
				INFOPLIST_KEY_UIMainStoryboardFile = Main;
				INFOPLIST_KEY_UISupportedInterfaceOrientations = "UIInterfaceOrientationPortrait UIInterfaceOrientationLandscapeLeft UIInterfaceOrientationLandscapeRight";
				INFOPLIST_KEY_UISupportedInterfaceOrientations_iPad = "UIInterfaceOrientationPortrait UIInterfaceOrientationPortraitUpsideDown UIInterfaceOrientationLandscapeLeft UIInterfaceOrientationLandscapeRight";
				INFOPLIST_KEY_UISupportedInterfaceOrientations_iPhone = "UIInterfaceOrientationPortrait UIInterfaceOrientationLandscapeLeft UIInterfaceOrientationLandscapeRight";
				LD_RUNPATH_SEARCH_PATHS = (
					"$(inherited)",
					"@executable_path/Frameworks",
				);
				MARKETING_VERSION = 1.9;
				NEW_SETTING = "";
				PRODUCT_BUNDLE_IDENTIFIER = "com.5play-apps.Workbook100";
				PRODUCT_NAME = "$(TARGET_NAME)";
				SUPPORTS_MACCATALYST = YES;
				SWIFT_EMIT_LOC_STRINGS = YES;
				SWIFT_VERSION = 5.0;
				TARGETED_DEVICE_FAMILY = "1,2";
			};
			name = Debug;
		};
		EAA0CF872769574100943912 /* Release */ = {
			isa = XCBuildConfiguration;
			baseConfigurationReference = 021FD933592CA1CD5BD6CFD3 /* Pods-Workbook100.release.xcconfig */;
			buildSettings = {
				ASSETCATALOG_COMPILER_APPICON_NAME = AppIcon;
				ASSETCATALOG_COMPILER_GLOBAL_ACCENT_COLOR_NAME = AccentColor;
				ASSETCATALOG_COMPILER_INCLUDE_ALL_APPICON_ASSETS = NO;
				CODE_SIGN_ENTITLEMENTS = Workbook100/Workbook100.entitlements;
				CODE_SIGN_STYLE = Automatic;
				CURRENT_PROJECT_VERSION = 13;
				DEVELOPMENT_TEAM = LZ8V996BTJ;
				"ENABLE_HARDENED_RUNTIME[sdk=macosx*]" = YES;
				EXCLUDED_ARCHS = "";
				GENERATE_INFOPLIST_FILE = YES;
				INFOPLIST_FILE = Workbook100/Info.plist;
				INFOPLIST_KEY_UIApplicationSupportsIndirectInputEvents = YES;
				INFOPLIST_KEY_UILaunchStoryboardName = LaunchScreen;
				INFOPLIST_KEY_UIMainStoryboardFile = Main;
				INFOPLIST_KEY_UISupportedInterfaceOrientations = "UIInterfaceOrientationPortrait UIInterfaceOrientationLandscapeLeft UIInterfaceOrientationLandscapeRight";
				INFOPLIST_KEY_UISupportedInterfaceOrientations_iPad = "UIInterfaceOrientationPortrait UIInterfaceOrientationPortraitUpsideDown UIInterfaceOrientationLandscapeLeft UIInterfaceOrientationLandscapeRight";
				INFOPLIST_KEY_UISupportedInterfaceOrientations_iPhone = "UIInterfaceOrientationPortrait UIInterfaceOrientationLandscapeLeft UIInterfaceOrientationLandscapeRight";
				LD_RUNPATH_SEARCH_PATHS = (
					"$(inherited)",
					"@executable_path/Frameworks",
				);
				MARKETING_VERSION = 1.9;
				NEW_SETTING = "";
				PRODUCT_BUNDLE_IDENTIFIER = "com.5play-apps.Workbook100";
				PRODUCT_NAME = "$(TARGET_NAME)";
				SUPPORTS_MACCATALYST = YES;
				SWIFT_EMIT_LOC_STRINGS = YES;
				SWIFT_VERSION = 5.0;
				TARGETED_DEVICE_FAMILY = "1,2";
			};
			name = Release;
		};
/* End XCBuildConfiguration section */

/* Begin XCConfigurationList section */
		EAA0CF6C2769573F00943912 /* Build configuration list for PBXProject "Workbook100" */ = {
			isa = XCConfigurationList;
			buildConfigurations = (
				EAA0CF832769574100943912 /* Debug */,
				EAA0CF842769574100943912 /* Release */,
			);
			defaultConfigurationIsVisible = 0;
			defaultConfigurationName = Release;
		};
		EAA0CF852769574100943912 /* Build configuration list for PBXNativeTarget "Workbook100" */ = {
			isa = XCConfigurationList;
			buildConfigurations = (
				EAA0CF862769574100943912 /* Debug */,
				EAA0CF872769574100943912 /* Release */,
			);
			defaultConfigurationIsVisible = 0;
			defaultConfigurationName = Release;
		};
/* End XCConfigurationList section */
	};
	rootObject = EAA0CF692769573F00943912 /* Project object */;
}
